
Microsoft Visual Studio Solution File, Format Version 12.00
# Visual Studio Version 17
VisualStudioVersion = 17.9.34902.65
MinimumVisualStudioVersion = 10.0.40219.1
Project("{9A19103F-16F7-4668-BE54-9A1E7A4F7556}") = "Produtor", "Produtor\Produtor.csproj", "{41F7FCD2-E164-46F4-A1C9-808583268387}"
EndProject
Project("{9A19103F-16F7-4668-BE54-9A1E7A4F7556}") = "Consumidor", "Consumidor\Consumidor.csproj", "{089DCD0D-4A2F-4DE9-9083-10D3B636DA68}"
EndProject
Project("{2150E333-8FDC-42A3-9474-1A3956D46DE8}") = "Avros", "Avros", "{017EA4C1-C81F-4B41-B36D-BD5D551DA631}"
	ProjectSection(SolutionItems) = preProject
		Avros\Schema.avsc = Avros\Schema.avsc
	EndProjectSection
EndProject
Project("{FAE04EC0-301F-11D3-BF4B-00C04F79EFBC}") = "Tips", "Tips\Tips.csproj", "{65320CFE-A316-4E0D-967E-3C33E8D692A6}"
EndProject
Global
	GlobalSection(SolutionConfigurationPlatforms) = preSolution
		Debug|Any CPU = Debug|Any CPU
		Release|Any CPU = Release|Any CPU
	EndGlobalSection
	GlobalSection(ProjectConfigurationPlatforms) = postSolution
		{41F7FCD2-E164-46F4-A1C9-808583268387}.Debug|Any CPU.ActiveCfg = Debug|Any CPU
		{41F7FCD2-E164-46F4-A1C9-808583268387}.Debug|Any CPU.Build.0 = Debug|Any CPU
		{41F7FCD2-E164-46F4-A1C9-808583268387}.Release|Any CPU.ActiveCfg = Release|Any CPU
		{41F7FCD2-E164-46F4-A1C9-808583268387}.Release|Any CPU.Build.0 = Release|Any CPU
		{089DCD0D-4A2F-4DE9-9083-10D3B636DA68}.Debug|Any CPU.ActiveCfg = Debug|Any CPU
		{089DCD0D-4A2F-4DE9-9083-10D3B636DA68}.Debug|Any CPU.Build.0 = Debug|Any CPU
		{089DCD0D-4A2F-4DE9-9083-10D3B636DA68}.Release|Any CPU.ActiveCfg = Release|Any CPU
		{089DCD0D-4A2F-4DE9-9083-10D3B636DA68}.Release|Any CPU.Build.0 = Release|Any CPU
		{65320CFE-A316-4E0D-967E-3C33E8D692A6}.Debug|Any CPU.ActiveCfg = Debug|Any CPU
		{65320CFE-A316-4E0D-967E-3C33E8D692A6}.Debug|Any CPU.Build.0 = Debug|Any CPU
		{65320CFE-A316-4E0D-967E-3C33E8D692A6}.Release|Any CPU.ActiveCfg = Release|Any CPU
		{65320CFE-A316-4E0D-967E-3C33E8D692A6}.Release|Any CPU.Build.0 = Release|Any CPU
	EndGlobalSection
	GlobalSection(SolutionProperties) = preSolution
		HideSolutionNode = FALSE
	EndGlobalSection
	GlobalSection(ExtensibilityGlobals) = postSolution
		SolutionGuid = {A75F081F-E9D1-46E4-A212-A840AEB000B8}
	EndGlobalSection
EndGlobal
